PODS:
  - Amplify (1.30.4):
    - Amplify/Default (= 1.30.4)
  - Amplify/Default (1.30.4)
  - Amplify/Tools (1.30.4)
  - AmplifyPlugins/AWSAPIPlugin (1.30.4):
    - AppSyncRealTimeClient (~> 3.1)
    - AWSCore (~> 2.33.0)
    - AWSPluginsCore (= 1.30.4)
  - AmplifyPlugins/AWSCognitoAuthPlugin (1.30.4):
    - AWSAuthCore (~> 2.33.0)
    - AWSCognitoIdentityProvider (~> 2.33.0)
    - AWSCognitoIdentityProviderASF (~> 2.33.0)
    - AWSCore (~> 2.33.0)
    - AWSMobileClient (~> 2.33.0)
    - AWSPluginsCore (= 1.30.4)
  - AmplifyPlugins/AWSPinpointAnalyticsPlugin (1.30.4):
    - AWSCore (~> 2.33.0)
    - AWSPinpoint (~> 2.33.0)
    - AWSPluginsCore (= 1.30.4)
  - AmplifyPlugins/AWSS3StoragePlugin (1.30.4):
    - AWSCore (~> 2.33.0)
    - AWSPluginsCore (= 1.30.4)
    - AWSS3 (~> 2.33.0)
  - AppSyncRealTimeClient (3.1.1):
    - Starscream (= 4.0.4)
  - AWSAuthCore (2.33.4):
    - AWSCore (= 2.33.4)
  - AWSCognitoIdentityProvider (2.33.4):
    - AWSCognitoIdentityProviderASF (= 2.33.4)
    - AWSCore (= 2.33.4)
  - AWSCognitoIdentityProviderASF (2.33.4):
    - AWSCore (= 2.33.4)
  - AWSCore (2.33.4)
  - AWSMobileClient (2.33.4):
    - AWSAuthCore (= 2.33.4)
    - AWSCognitoIdentityProvider (= 2.33.4)
    - AWSCognitoIdentityProviderASF (= 2.33.4)
    - AWSCore (= 2.33.4)
  - AWSPinpoint (2.33.4):
    - AWSCore (= 2.33.4)
  - AWSPluginsCore (1.30.4):
    - Amplify (= 1.30.4)
    - AWSCore (~> 2.33.0)
  - AWSS3 (2.33.4):
    - AWSCore (= 2.33.4)
  - IQKeyboardManagerSwift (6.5.12)
  - Kingfisher (7.9.1)
  - Starscream (4.0.4)
  - SVProgressHUD (2.2.5)

DEPENDENCIES:
  - Amplify
  - Amplify/Tools
  - AmplifyPlugins/AWSAPIPlugin
  - AmplifyPlugins/AWSCognitoAuthPlugin
  - AmplifyPlugins/AWSPinpointAnalyticsPlugin
  - AmplifyPlugins/AWSS3StoragePlugin
  - AWSMobileClient
  - AWSPinpoint
  - IQKeyboardManagerSwift (~> 6.5.12)
  - Kingfisher (~> 7.9.1)
  - SVProgressHUD (~> 2.2.5)

SPEC REPOS:
  https://mirrors.tuna.tsinghua.edu.cn/git/CocoaPods/Specs.git:
    - Amplify
    - AmplifyPlugins
    - AppSyncRealTimeClient
    - AWSAuthCore
    - AWSCognitoIdentityProvider
    - AWSCognitoIdentityProviderASF
    - AWSCore
    - AWSMobileClient
    - AWSPinpoint
    - AWSPluginsCore
    - AWSS3
    - IQKeyboardManagerSwift
    - Kingfisher
    - Starscream
    - SVProgressHUD

SPEC CHECKSUMS:
  Amplify: 4e41668c8801667e174ab50c12bc3099c71a257f
  AmplifyPlugins: 1335f0919aa07329df58685a020f2311c75a5176
  AppSyncRealTimeClient: b33e3139fb3e71ee129698aee19de88bc6ddafd8
  AWSAuthCore: 0584cee14bd5a692b8daa1c43b06df9524533692
  AWSCognitoIdentityProvider: 74464aeebddb8546586f979c8ed055180a4b1855
  AWSCognitoIdentityProviderASF: 28c6a2916512c08ded36b1aab4d92a1b5805d868
  AWSCore: 83e3416d2224ba98b61d8eadcfcb1f90f48fab82
  AWSMobileClient: ff115272d8b29f05443f82f5800036c498c5ca8b
  AWSPinpoint: e13098188d2907874edbca23df7fbb1b4a0992ba
  AWSPluginsCore: f2188458c27e6cb09597c67876f80611d14275d7
  AWSS3: a0d31bc565dc8a6c5eaa756610ac15704c100674
  IQKeyboardManagerSwift: 371b08cb39664fb56030f5345c815a4ffc74bbc0
  Kingfisher: 1d14e9f59cbe19389f591c929000332bf70efd32
  Starscream: 5178aed56b316f13fa3bc55694e583d35dd414d9
  SVProgressHUD: 1428aafac632c1f86f62aa4243ec12008d7a51d6

PODFILE CHECKSUM: 31bb6d558e237742989d9aa43c0d9e017bd059ed

COCOAPODS: 1.12.1
