PODS:
  - Amplify (1.19.2):
    - Amplify/Default (= 1.19.2)
  - Amplify/Default (1.19.2)
  - Amplify/Tools (1.19.2)
  - AmplifyPlugins/AWSAPIPlugin (1.19.2):
    - AppSyncRealTimeClient (~> 1.4)
    - AWSCore (~> 2.27.0)
    - AWSPluginsCore (= 1.19.2)
  - AmplifyPlugins/AWSCognitoAuthPlugin (1.19.2):
    - AWSAuthCore (~> 2.27.0)
    - AWSCognitoIdentityProvider (~> 2.27.0)
    - AWSCognitoIdentityProviderASF (~> 2.27.0)
    - AWSCore (~> 2.27.0)
    - AWSMobileClient (~> 2.27.0)
    - AWSPluginsCore (= 1.19.2)
  - AmplifyPlugins/AWSPinpointAnalyticsPlugin (1.19.2):
    - AWSCore (~> 2.27.0)
    - AWSPinpoint (~> 2.27.0)
    - AWSPluginsCore (= 1.19.2)
  - AmplifyPlugins/AWSS3StoragePlugin (1.19.2):
    - AWSCore (~> 2.27.0)
    - AWSPluginsCore (= 1.19.2)
    - AWSS3 (~> 2.27.0)
  - AppSyncRealTimeClient (1.6.0):
    - Starscream (~> 3.1.1)
  - AWSAuthCore (2.27.15):
    - AWSCore (= 2.27.15)
  - AWSCognitoIdentityProvider (2.27.15):
    - AWSCognitoIdentityProviderASF (= 2.27.15)
    - AWSCore (= 2.27.15)
  - AWSCognitoIdentityProviderASF (2.27.15):
    - AWSCore (= 2.27.15)
  - AWSCore (2.27.15)
  - AWSKinesisVideo (2.27.15):
    - AWSCore (= 2.27.15)
  - AWSKinesisVideoSignaling (2.27.15):
    - AWSCore (= 2.27.15)
  - AWSMobileClient (2.27.15):
    - AWSAuthCore (= 2.27.15)
    - AWSCognitoIdentityProvider (= 2.27.15)
    - AWSCognitoIdentityProviderASF (= 2.27.15)
    - AWSCore (= 2.27.15)
  - AWSPinpoint (2.27.15):
    - AWSCore (= 2.27.15)
  - AWSPluginsCore (1.19.2):
    - Amplify (= 1.19.2)
    - AWSCore (~> 2.27.0)
  - AWSS3 (2.27.15):
    - AWSCore (= 2.27.15)
  - CommonCryptoModule (1.0.2)
  - GoogleWebRTC (1.1.32000)
  - IQKeyboardManagerSwift (6.5.16)
  - Kingfisher (7.9.1)
  - Starscream (3.1.1)
  - SVProgressHUD (2.2.5)
  - YYText (1.0.7)

DEPENDENCIES:
  - Amplify (= 1.19.2)
  - Amplify/Tools
  - AmplifyPlugins/AWSAPIPlugin
  - AmplifyPlugins/AWSCognitoAuthPlugin
  - AmplifyPlugins/AWSPinpointAnalyticsPlugin
  - AmplifyPlugins/AWSS3StoragePlugin
  - AWSCognitoIdentityProvider
  - AWSKinesisVideo
  - AWSKinesisVideoSignaling
  - AWSMobileClient
  - AWSPinpoint
  - CommonCryptoModule
  - GoogleWebRTC (~> 1.1)
  - IQKeyboardManagerSwift (~> 6.5.12)
  - Kingfisher (~> 7.9.1)
  - Starscream (~> 3.1.1)
  - SVProgressHUD (~> 2.2.5)
  - YYText (~> 1.0.7)

SPEC REPOS:
  https://mirrors.tuna.tsinghua.edu.cn/git/CocoaPods/Specs.git:
    - Amplify
    - AmplifyPlugins
    - AppSyncRealTimeClient
    - AWSAuthCore
    - AWSCognitoIdentityProvider
    - AWSCognitoIdentityProviderASF
    - AWSCore
    - AWSKinesisVideo
    - AWSKinesisVideoSignaling
    - AWSMobileClient
    - AWSPinpoint
    - AWSPluginsCore
    - AWSS3
    - CommonCryptoModule
    - GoogleWebRTC
    - IQKeyboardManagerSwift
    - Kingfisher
    - Starscream
    - SVProgressHUD
    - YYText

SPEC CHECKSUMS:
  Amplify: cc3adcea085108a52bc3bb8273e5b38034593127
  AmplifyPlugins: 4b24b838046785cf89d733a579a5c2ce56907c8c
  AppSyncRealTimeClient: 8b5ec94085b8ee9bb6fb9d9d76a157beb538ec6f
  AWSAuthCore: 0bac0e67c28d620c8f823c88bd15d552544e801a
  AWSCognitoIdentityProvider: a8d244d0cdfeff425fe20a2fb49b7e9cb89c4748
  AWSCognitoIdentityProviderASF: 5dccf24b43c287eb1949e83cefccb6c25cdc04b7
  AWSCore: c67277201b6aca10e4cf24638eadaa67c85ebf03
  AWSKinesisVideo: e2e84a20bd5d3712250d77d9962e378617ec0052
  AWSKinesisVideoSignaling: 1daa00a0c66cb627b21fad0d0b6f952ffd3d92e1
  AWSMobileClient: 6f60d1fb6373e21aaada443dd4d4bf087158614d
  AWSPinpoint: e2ea6471c4a4efd7a4d58546f34539c9dac185a7
  AWSPluginsCore: 8c8d23756e6094aa92adfbe5c4b9cc1df1075576
  AWSS3: 09801b290f8818f532694cabd5d503c7474eb3df
  CommonCryptoModule: 63a68b57abed79655b3a01011419bf037a05b0a0
  GoogleWebRTC: 4d261187b30512efdb711d21fa961a6adf138717
  IQKeyboardManagerSwift: 12d89768845bb77b55cc092ecc2b1f9370f06b76
  Kingfisher: 1d14e9f59cbe19389f591c929000332bf70efd32
  Starscream: 4bb2f9942274833f7b4d296a55504dcfc7edb7b0
  SVProgressHUD: 1428aafac632c1f86f62aa4243ec12008d7a51d6
  YYText: 5c461d709e24d55a182d1441c41dc639a18a4849

PODFILE CHECKSUM: f4e76b6968aa8c3a407b3ea6429faa4526033ecb

COCOAPODS: 1.14.3
